// !$*UTF8*$!
{
	archiveVersion = 1;
	classes = {
	};
	objectVersion = 46;
	objects = {

/* Begin PBXBuildFile section */
		BC19D5F51EFCF01E00B9E111 /* ReplaceBlank.cpp in Sources */ = {isa = PBXBuildFile; fileRef = BC19D5F31EFCF01E00B9E111 /* ReplaceBlank.cpp */; };
		BC19D5F91EFCF2D200B9E111 /* MergeArray.cpp in Sources */ = {isa = PBXBuildFile; fileRef = BC19D5F71EFCF2D200B9E111 /* MergeArray.cpp */; };
		BC19D5FF1EFCF3D400B9E111 /* CMyString.cpp in Sources */ = {isa = PBXBuildFile; fileRef = BC19D5FD1EFCF3D400B9E111 /* CMyString.cpp */; };
		BC19D6031EFD123500B9E111 /* ListNode.cpp in Sources */ = {isa = PBXBuildFile; fileRef = BC19D6011EFD123500B9E111 /* ListNode.cpp */; };
		BC4DE0CA1F01B57500990CFC /* Power.cpp in Sources */ = {isa = PBXBuildFile; fileRef = BC4DE0C81F01B57500990CFC /* Power.cpp */; };
		BC4DE0CD1F020A9200990CFC /* PrintNumber.cpp in Sources */ = {isa = PBXBuildFile; fileRef = BC4DE0CB1F020A9200990CFC /* PrintNumber.cpp */; };
		BC4DE0D31F0233A500990CFC /* ReorderOddEven.cpp in Sources */ = {isa = PBXBuildFile; fileRef = BC4DE0D11F0233A500990CFC /* ReorderOddEven.cpp */; };
		BC4DE0D91F03857900990CFC /* Matrix.cpp in Sources */ = {isa = PBXBuildFile; fileRef = BC4DE0D71F03857900990CFC /* Matrix.cpp */; };
		BC55050D1EFA1F3500EE06E5 /* main.cpp in Sources */ = {isa = PBXBuildFile; fileRef = BC55050C1EFA1F3500EE06E5 /* main.cpp */; };
		BC5FD5CE1EFE54E200C13ADB /* BinaryTreeNode.cpp in Sources */ = {isa = PBXBuildFile; fileRef = BC5FD5CC1EFE54E200C13ADB /* BinaryTreeNode.cpp */; };
		BC5FD5D11F00A22B00C13ADB /* CQueue.cpp in Sources */ = {isa = PBXBuildFile; fileRef = BC5FD5CF1F00A22B00C13ADB /* CQueue.cpp */; };
		BC5FD5D41F00A4CE00C13ADB /* CStack.cpp in Sources */ = {isa = PBXBuildFile; fileRef = BC5FD5D21F00A4CE00C13ADB /* CStack.cpp */; };
		BC5FD5D71F00C05100C13ADB /* QuickSort.cpp in Sources */ = {isa = PBXBuildFile; fileRef = BC5FD5D51F00C05100C13ADB /* QuickSort.cpp */; };
		BC5FD5DA1F00DEFF00C13ADB /* SortAges.cpp in Sources */ = {isa = PBXBuildFile; fileRef = BC5FD5D81F00DEFF00C13ADB /* SortAges.cpp */; };
		BC5FD5DD1F00F67200C13ADB /* Min.cpp in Sources */ = {isa = PBXBuildFile; fileRef = BC5FD5DB1F00F67200C13ADB /* Min.cpp */; };
/* End PBXBuildFile section */

/* Begin PBXCopyFilesBuildPhase section */
		BC5505071EFA1F3500EE06E5 /* CopyFiles */ = {
			isa = PBXCopyFilesBuildPhase;
			buildActionMask = 2147483647;
			dstPath = /usr/share/man/man1/;
			dstSubfolderSpec = 0;
			files = (
			);
			runOnlyForDeploymentPostprocessing = 1;
		};
/* End PBXCopyFilesBuildPhase section */

/* Begin PBXFileReference section */
		BC19D5F31EFCF01E00B9E111 /* ReplaceBlank.cpp */ = {isa = PBXFileReference; fileEncoding = 4; lastKnownFileType = sourcecode.cpp.cpp; path = ReplaceBlank.cpp; sourceTree = "<group>"; };
		BC19D5F41EFCF01E00B9E111 /* ReplaceBlank.hpp */ = {isa = PBXFileReference; fileEncoding = 4; lastKnownFileType = sourcecode.cpp.h; path = ReplaceBlank.hpp; sourceTree = "<group>"; };
		BC19D5F71EFCF2D200B9E111 /* MergeArray.cpp */ = {isa = PBXFileReference; fileEncoding = 4; lastKnownFileType = sourcecode.cpp.cpp; path = MergeArray.cpp; sourceTree = "<group>"; };
		BC19D5F81EFCF2D200B9E111 /* MergeArray.hpp */ = {isa = PBXFileReference; fileEncoding = 4; lastKnownFileType = sourcecode.cpp.h; path = MergeArray.hpp; sourceTree = "<group>"; };
		BC19D5FD1EFCF3D400B9E111 /* CMyString.cpp */ = {isa = PBXFileReference; fileEncoding = 4; lastKnownFileType = sourcecode.cpp.cpp; path = CMyString.cpp; sourceTree = "<group>"; };
		BC19D5FE1EFCF3D400B9E111 /* CMyString.hpp */ = {isa = PBXFileReference; fileEncoding = 4; lastKnownFileType = sourcecode.cpp.h; path = CMyString.hpp; sourceTree = "<group>"; };
		BC19D6011EFD123500B9E111 /* ListNode.cpp */ = {isa = PBXFileReference; fileEncoding = 4; lastKnownFileType = sourcecode.cpp.cpp; path = ListNode.cpp; sourceTree = "<group>"; };
		BC19D6021EFD123500B9E111 /* ListNode.hpp */ = {isa = PBXFileReference; fileEncoding = 4; lastKnownFileType = sourcecode.cpp.h; path = ListNode.hpp; sourceTree = "<group>"; };
		BC4DE0C81F01B57500990CFC /* Power.cpp */ = {isa = PBXFileReference; fileEncoding = 4; lastKnownFileType = sourcecode.cpp.cpp; path = Power.cpp; sourceTree = "<group>"; };
		BC4DE0C91F01B57500990CFC /* Power.hpp */ = {isa = PBXFileReference; fileEncoding = 4; lastKnownFileType = sourcecode.cpp.h; path = Power.hpp; sourceTree = "<group>"; };
		BC4DE0CB1F020A9200990CFC /* PrintNumber.cpp */ = {isa = PBXFileReference; fileEncoding = 4; lastKnownFileType = sourcecode.cpp.cpp; path = PrintNumber.cpp; sourceTree = "<group>"; };
		BC4DE0CC1F020A9200990CFC /* PrintNumber.hpp */ = {isa = PBXFileReference; fileEncoding = 4; lastKnownFileType = sourcecode.cpp.h; path = PrintNumber.hpp; sourceTree = "<group>"; };
		BC4DE0D11F0233A500990CFC /* ReorderOddEven.cpp */ = {isa = PBXFileReference; fileEncoding = 4; lastKnownFileType = sourcecode.cpp.cpp; path = ReorderOddEven.cpp; sourceTree = "<group>"; };
		BC4DE0D21F0233A500990CFC /* ReorderOddEven.hpp */ = {isa = PBXFileReference; fileEncoding = 4; lastKnownFileType = sourcecode.cpp.h; path = ReorderOddEven.hpp; sourceTree = "<group>"; };
		BC4DE0D71F03857900990CFC /* Matrix.cpp */ = {isa = PBXFileReference; fileEncoding = 4; lastKnownFileType = sourcecode.cpp.cpp; path = Matrix.cpp; sourceTree = "<group>"; };
		BC4DE0D81F03857900990CFC /* Matrix.hpp */ = {isa = PBXFileReference; fileEncoding = 4; lastKnownFileType = sourcecode.cpp.h; path = Matrix.hpp; sourceTree = "<group>"; };
		BC5505091EFA1F3500EE06E5 /* AlgorithmC++ */ = {isa = PBXFileReference; explicitFileType = "compiled.mach-o.executable"; includeInIndex = 0; path = "AlgorithmC++"; sourceTree = BUILT_PRODUCTS_DIR; };
		BC55050C1EFA1F3500EE06E5 /* main.cpp */ = {isa = PBXFileReference; lastKnownFileType = sourcecode.cpp.cpp; path = main.cpp; sourceTree = "<group>"; };
		BC5FD5CC1EFE54E200C13ADB /* BinaryTreeNode.cpp */ = {isa = PBXFileReference; fileEncoding = 4; lastKnownFileType = sourcecode.cpp.cpp; path = BinaryTreeNode.cpp; sourceTree = "<group>"; };
		BC5FD5CD1EFE54E200C13ADB /* BinaryTreeNode.hpp */ = {isa = PBXFileReference; fileEncoding = 4; lastKnownFileType = sourcecode.cpp.h; path = BinaryTreeNode.hpp; sourceTree = "<group>"; };
		BC5FD5CF1F00A22B00C13ADB /* CQueue.cpp */ = {isa = PBXFileReference; fileEncoding = 4; lastKnownFileType = sourcecode.cpp.cpp; path = CQueue.cpp; sourceTree = "<group>"; };
		BC5FD5D01F00A22B00C13ADB /* CQueue.hpp */ = {isa = PBXFileReference; fileEncoding = 4; lastKnownFileType = sourcecode.cpp.h; path = CQueue.hpp; sourceTree = "<group>"; };
		BC5FD5D21F00A4CE00C13ADB /* CStack.cpp */ = {isa = PBXFileReference; fileEncoding = 4; lastKnownFileType = sourcecode.cpp.cpp; path = CStack.cpp; sourceTree = "<group>"; };
		BC5FD5D31F00A4CE00C13ADB /* CStack.hpp */ = {isa = PBXFileReference; fileEncoding = 4; lastKnownFileType = sourcecode.cpp.h; path = CStack.hpp; sourceTree = "<group>"; };
		BC5FD5D51F00C05100C13ADB /* QuickSort.cpp */ = {isa = PBXFileReference; fileEncoding = 4; lastKnownFileType = sourcecode.cpp.cpp; path = QuickSort.cpp; sourceTree = "<group>"; };
		BC5FD5D61F00C05100C13ADB /* QuickSort.hpp */ = {isa = PBXFileReference; fileEncoding = 4; lastKnownFileType = sourcecode.cpp.h; path = QuickSort.hpp; sourceTree = "<group>"; };
		BC5FD5D81F00DEFF00C13ADB /* SortAges.cpp */ = {isa = PBXFileReference; fileEncoding = 4; lastKnownFileType = sourcecode.cpp.cpp; path = SortAges.cpp; sourceTree = "<group>"; };
		BC5FD5D91F00DEFF00C13ADB /* SortAges.hpp */ = {isa = PBXFileReference; fileEncoding = 4; lastKnownFileType = sourcecode.cpp.h; path = SortAges.hpp; sourceTree = "<group>"; };
		BC5FD5DB1F00F67200C13ADB /* Min.cpp */ = {isa = PBXFileReference; fileEncoding = 4; lastKnownFileType = sourcecode.cpp.cpp; path = Min.cpp; sourceTree = "<group>"; };
		BC5FD5DC1F00F67200C13ADB /* Min.hpp */ = {isa = PBXFileReference; fileEncoding = 4; lastKnownFileType = sourcecode.cpp.h; path = Min.hpp; sourceTree = "<group>"; };
/* End PBXFileReference section */

/* Begin PBXFrameworksBuildPhase section */
		BC5505061EFA1F3500EE06E5 /* Frameworks */ = {
			isa = PBXFrameworksBuildPhase;
			buildActionMask = 2147483647;
			files = (
			);
			runOnlyForDeploymentPostprocessing = 0;
		};
/* End PBXFrameworksBuildPhase section */

/* Begin PBXGroup section */
		BC5505001EFA1F3500EE06E5 = {
			isa = PBXGroup;
			children = (
				BC55050B1EFA1F3500EE06E5 /* AlgorithmC++ */,
				BC55050A1EFA1F3500EE06E5 /* Products */,
			);
			sourceTree = "<group>";
		};
		BC55050A1EFA1F3500EE06E5 /* Products */ = {
			isa = PBXGroup;
			children = (
				BC5505091EFA1F3500EE06E5 /* AlgorithmC++ */,
			);
			name = Products;
			sourceTree = "<group>";
		};
		BC55050B1EFA1F3500EE06E5 /* AlgorithmC++ */ = {
			isa = PBXGroup;
			children = (
				BC55050C1EFA1F3500EE06E5 /* main.cpp */,
				BC19D5F31EFCF01E00B9E111 /* ReplaceBlank.cpp */,
				BC19D5F41EFCF01E00B9E111 /* ReplaceBlank.hpp */,
				BC19D5F71EFCF2D200B9E111 /* MergeArray.cpp */,
				BC19D5F81EFCF2D200B9E111 /* MergeArray.hpp */,
				BC4DE0D71F03857900990CFC /* Matrix.cpp */,
				BC4DE0D81F03857900990CFC /* Matrix.hpp */,
				BC19D5FD1EFCF3D400B9E111 /* CMyString.cpp */,
				BC19D5FE1EFCF3D400B9E111 /* CMyString.hpp */,
				BC19D6011EFD123500B9E111 /* ListNode.cpp */,
				BC19D6021EFD123500B9E111 /* ListNode.hpp */,
				BC5FD5CC1EFE54E200C13ADB /* BinaryTreeNode.cpp */,
				BC5FD5CD1EFE54E200C13ADB /* BinaryTreeNode.hpp */,
				BC5FD5CF1F00A22B00C13ADB /* CQueue.cpp */,
				BC5FD5D01F00A22B00C13ADB /* CQueue.hpp */,
				BC5FD5D21F00A4CE00C13ADB /* CStack.cpp */,
				BC5FD5D31F00A4CE00C13ADB /* CStack.hpp */,
				BC5FD5D51F00C05100C13ADB /* QuickSort.cpp */,
				BC5FD5D61F00C05100C13ADB /* QuickSort.hpp */,
				BC5FD5D81F00DEFF00C13ADB /* SortAges.cpp */,
				BC5FD5D91F00DEFF00C13ADB /* SortAges.hpp */,
				BC5FD5DB1F00F67200C13ADB /* Min.cpp */,
				BC5FD5DC1F00F67200C13ADB /* Min.hpp */,
				BC4DE0C81F01B57500990CFC /* Power.cpp */,
				BC4DE0C91F01B57500990CFC /* Power.hpp */,
				BC4DE0CB1F020A9200990CFC /* PrintNumber.cpp */,
				BC4DE0CC1F020A9200990CFC /* PrintNumber.hpp */,
				BC4DE0D11F0233A500990CFC /* ReorderOddEven.cpp */,
				BC4DE0D21F0233A500990CFC /* ReorderOddEven.hpp */,
			);
			path = "AlgorithmC++";
			sourceTree = "<group>";
		};
/* End PBXGroup section */

/* Begin PBXNativeTarget section */
		BC5505081EFA1F3500EE06E5 /* AlgorithmC++ */ = {
			isa = PBXNativeTarget;
			buildConfigurationList = BC5505101EFA1F3500EE06E5 /* Build configuration list for PBXNativeTarget "AlgorithmC++" */;
			buildPhases = (
				BC5505051EFA1F3500EE06E5 /* Sources */,
				BC5505061EFA1F3500EE06E5 /* Frameworks */,
				BC5505071EFA1F3500EE06E5 /* CopyFiles */,
			);
			buildRules = (
			);
			dependencies = (
			);
			name = "AlgorithmC++";
			productName = "AlgorithmC++";
			productReference = BC5505091EFA1F3500EE06E5 /* AlgorithmC++ */;
			productType = "com.apple.product-type.tool";
		};
/* End PBXNativeTarget section */

/* Begin PBXProject section */
		BC5505011EFA1F3500EE06E5 /* Project object */ = {
			isa = PBXProject;
			attributes = {
				LastUpgradeCheck = 0800;
				ORGANIZATIONNAME = Minxin;
				TargetAttributes = {
					BC5505081EFA1F3500EE06E5 = {
						CreatedOnToolsVersion = 8.0;
						DevelopmentTeam = X36D3JH723;
						ProvisioningStyle = Automatic;
					};
				};
			};
			buildConfigurationList = BC5505041EFA1F3500EE06E5 /* Build configuration list for PBXProject "AlgorithmC++" */;
			compatibilityVersion = "Xcode 3.2";
			developmentRegion = English;
			hasScannedForEncodings = 0;
			knownRegions = (
				en,
			);
			mainGroup = BC5505001EFA1F3500EE06E5;
			productRefGroup = BC55050A1EFA1F3500EE06E5 /* Products */;
			projectDirPath = "";
			projectRoot = "";
			targets = (
				BC5505081EFA1F3500EE06E5 /* AlgorithmC++ */,
			);
		};
/* End PBXProject section */

/* Begin PBXSourcesBuildPhase section */
		BC5505051EFA1F3500EE06E5 /* Sources */ = {
			isa = PBXSourcesBuildPhase;
			buildActionMask = 2147483647;
			files = (
				BC4DE0D91F03857900990CFC /* Matrix.cpp in Sources */,
				BC5FD5DD1F00F67200C13ADB /* Min.cpp in Sources */,
				BC55050D1EFA1F3500EE06E5 /* main.cpp in Sources */,
				BC5FD5CE1EFE54E200C13ADB /* BinaryTreeNode.cpp in Sources */,
				BC5FD5DA1F00DEFF00C13ADB /* SortAges.cpp in Sources */,
				BC4DE0CD1F020A9200990CFC /* PrintNumber.cpp in Sources */,
				BC19D5F91EFCF2D200B9E111 /* MergeArray.cpp in Sources */,
				BC4DE0CA1F01B57500990CFC /* Power.cpp in Sources */,
				BC5FD5D71F00C05100C13ADB /* QuickSort.cpp in Sources */,
				BC5FD5D11F00A22B00C13ADB /* CQueue.cpp in Sources */,
				BC5FD5D41F00A4CE00C13ADB /* CStack.cpp in Sources */,
				BC4DE0D31F0233A500990CFC /* ReorderOddEven.cpp in Sources */,
				BC19D5FF1EFCF3D400B9E111 /* CMyString.cpp in Sources */,
				BC19D6031EFD123500B9E111 /* ListNode.cpp in Sources */,
				BC19D5F51EFCF01E00B9E111 /* ReplaceBlank.cpp in Sources */,
			);
			runOnlyForDeploymentPostprocessing = 0;
		};
/* End PBXSourcesBuildPhase section */

/* Begin XCBuildConfiguration section */
		BC55050E1EFA1F3500EE06E5 /* Debug */ = {
			isa = XCBuildConfiguration;
			buildSettings = {
				ALWAYS_SEARCH_USER_PATHS = NO;
				CLANG_ANALYZER_NONNULL = YES;
				CLANG_CXX_LANGUAGE_STANDARD = "gnu++0x";
				CLANG_CXX_LIBRARY = "libc++";
				CLANG_ENABLE_MODULES = YES;
				CLANG_ENABLE_OBJC_ARC = YES;
				CLANG_WARN_BOOL_CONVERSION = YES;
				CLANG_WARN_CONSTANT_CONVERSION = YES;
				CLANG_WARN_DIRECT_OBJC_ISA_USAGE = YES_ERROR;
				CLANG_WARN_DOCUMENTATION_COMMENTS = YES;
				CLANG_WARN_EMPTY_BODY = YES;
				CLANG_WARN_ENUM_CONVERSION = YES;
				CLANG_WARN_INFINITE_RECURSION = YES;
				CLANG_WARN_INT_CONVERSION = YES;
				CLANG_WARN_OBJC_ROOT_CLASS = YES_ERROR;
				CLANG_WARN_SUSPICIOUS_MOVES = YES;
				CLANG_WARN_UNREACHABLE_CODE = YES;
				CLANG_WARN__DUPLICATE_METHOD_MATCH = YES;
				CODE_SIGN_IDENTITY = "-";
				COPY_PHASE_STRIP = NO;
				DEBUG_INFORMATION_FORMAT = dwarf;
				ENABLE_STRICT_OBJC_MSGSEND = YES;
				ENABLE_TESTABILITY = YES;
				GCC_C_LANGUAGE_STANDARD = gnu99;
				GCC_DYNAMIC_NO_PIC = NO;
				GCC_NO_COMMON_BLOCKS = YES;
				GCC_OPTIMIZATION_LEVEL = 0;
				GCC_PREPROCESSOR_DEFINITIONS = (
					"DEBUG=1",
					"$(inherited)",
				);
				GCC_WARN_64_TO_32_BIT_CONVERSION = YES;
				GCC_WARN_ABOUT_RETURN_TYPE = YES_ERROR;
				GCC_WARN_UNDECLARED_SELECTOR = YES;
				GCC_WARN_UNINITIALIZED_AUTOS = YES_AGGRESSIVE;
				GCC_WARN_UNUSED_FUNCTION = YES;
				GCC_WARN_UNUSED_VARIABLE = YES;
				MACOSX_DEPLOYMENT_TARGET = 10.12;
				MTL_ENABLE_DEBUG_INFO = YES;
				ONLY_ACTIVE_ARCH = YES;
				SDKROOT = macosx;
			};
			name = Debug;
		};
		BC55050F1EFA1F3500EE06E5 /* Release */ = {
			isa = XCBuildConfiguration;
			buildSettings = {
				ALWAYS_SEARCH_USER_PATHS = NO;
				CLANG_ANALYZER_NONNULL = YES;
				CLANG_CXX_LANGUAGE_STANDARD = "gnu++0x";
				CLANG_CXX_LIBRARY = "libc++";
				CLANG_ENABLE_MODULES = YES;
				CLANG_ENABLE_OBJC_ARC = YES;
				CLANG_WARN_BOOL_CONVERSION = YES;
				CLANG_WARN_CONSTANT_CONVERSION = YES;
				CLANG_WARN_DIRECT_OBJC_ISA_USAGE = YES_ERROR;
				CLANG_WARN_DOCUMENTATION_COMMENTS = YES;
				CLANG_WARN_EMPTY_BODY = YES;
				CLANG_WARN_ENUM_CONVERSION = YES;
				CLANG_WARN_INFINITE_RECURSION = YES;
				CLANG_WARN_INT_CONVERSION = YES;
				CLANG_WARN_OBJC_ROOT_CLASS = YES_ERROR;
				CLANG_WARN_SUSPICIOUS_MOVES = YES;
				CLANG_WARN_UNREACHABLE_CODE = YES;
				CLANG_WARN__DUPLICATE_METHOD_MATCH = YES;
				CODE_SIGN_IDENTITY = "-";
				COPY_PHASE_STRIP = NO;
				DEBUG_INFORMATION_FORMAT = "dwarf-with-dsym";
				ENABLE_NS_ASSERTIONS = NO;
				ENABLE_STRICT_OBJC_MSGSEND = YES;
				GCC_C_LANGUAGE_STANDARD = gnu99;
				GCC_NO_COMMON_BLOCKS = YES;
				GCC_WARN_64_TO_32_BIT_CONVERSION = YES;
				GCC_WARN_ABOUT_RETURN_TYPE = YES_ERROR;
				GCC_WARN_UNDECLARED_SELECTOR = YES;
				GCC_WARN_UNINITIALIZED_AUTOS = YES_AGGRESSIVE;
				GCC_WARN_UNUSED_FUNCTION = YES;
				GCC_WARN_UNUSED_VARIABLE = YES;
				MACOSX_DEPLOYMENT_TARGET = 10.12;
				MTL_ENABLE_DEBUG_INFO = NO;
				SDKROOT = macosx;
			};
			name = Release;
		};
		BC5505111EFA1F3500EE06E5 /* Debug */ = {
			isa = XCBuildConfiguration;
			buildSettings = {
				DEVELOPMENT_TEAM = X36D3JH723;
				PRODUCT_NAME = "$(TARGET_NAME)";
			};
			name = Debug;
		};
		BC5505121EFA1F3500EE06E5 /* Release */ = {
			isa = XCBuildConfiguration;
			buildSettings = {
				DEVELOPMENT_TEAM = X36D3JH723;
				PRODUCT_NAME = "$(TARGET_NAME)";
			};
			name = Release;
		};
/* End XCBuildConfiguration section */

/* Begin XCConfigurationList section */
		BC5505041EFA1F3500EE06E5 /* Build configuration list for PBXProject "AlgorithmC++" */ = {
			isa = XCConfigurationList;
			buildConfigurations = (
				BC55050E1EFA1F3500EE06E5 /* Debug */,
				BC55050F1EFA1F3500EE06E5 /* Release */,
			);
			defaultConfigurationIsVisible = 0;
			defaultConfigurationName = Release;
		};
		BC5505101EFA1F3500EE06E5 /* Build configuration list for PBXNativeTarget "AlgorithmC++" */ = {
			isa = XCConfigurationList;
			buildConfigurations = (
				BC5505111EFA1F3500EE06E5 /* Debug */,
				BC5505121EFA1F3500EE06E5 /* Release */,
			);
			defaultConfigurationIsVisible = 0;
			defaultConfigurationName = Release;
		};
/* End XCConfigurationList section */
	};
	rootObject = BC5505011EFA1F3500EE06E5 /* Project object */;
}
